<?xml version="1.0" encoding="utf-8"?>
<Project ToolsVersion="4.0" xmlns="http://schemas.microsoft.com/developer/msbuild/2003">
  <ItemGroup>
    <Filter Include="Common">
      <UniqueIdentifier>c8ef96f2-ad70-45a0-99ee-0dff36fde207</UniqueIdentifier>
    </Filter>
    <Filter Include="Assets">
      <UniqueIdentifier>383f61fe-df32-4064-bef5-9ec26278d935</UniqueIdentifier>
      <Extensions>ico;cur;bmp;dds;dlg;fbx;rct;bin;rgs;gif;jpg;jpeg;jpe;resx;tga;tiff;tif;png;wav;mfcribbon-ms</Extensions>
    </Filter>
    <Filter Include="Gameobjects">
      <UniqueIdentifier>{449669b8-57cb-4072-8f29-122b658783db}</UniqueIdentifier>
    </Filter>
    <Filter Include="Controllers">
      <UniqueIdentifier>{1bba0533-0728-4367-bbd5-0e53c84dcba3}</UniqueIdentifier>
    </Filter>
  </ItemGroup>
  <ItemGroup>
    <ClInclude Include="pch.h" />
    <ClInclude Include="Game.h" />
    <ClInclude Include="StepTimer.h">
      <Filter>Common</Filter>
    </ClInclude>
    <ClInclude Include="DeviceResources.h">
      <Filter>Common</Filter>
    </ClInclude>
    <ClInclude Include="AnimatedTexture.h" />
    <ClInclude Include="BrickTile.h">
      <Filter>Gameobjects</Filter>
    </ClInclude>
    <ClInclude Include="LevelLoader.h">
      <Filter>Controllers</Filter>
    </ClInclude>
    <ClInclude Include="BrickManager.h">
      <Filter>Controllers</Filter>
    </ClInclude>
    <ClInclude Include="Ball.h">
      <Filter>Gameobjects</Filter>
    </ClInclude>
    <ClInclude Include="Paddle.h" />
  </ItemGroup>
  <ItemGroup>
    <ClCompile Include="pch.cpp" />
    <ClCompile Include="Game.cpp" />
    <ClCompile Include="Main.cpp" />
    <ClCompile Include="DeviceResources.cpp">
      <Filter>Common</Filter>
    </ClCompile>
    <ClCompile Include="BrickTile.cpp">
      <Filter>Gameobjects</Filter>
    </ClCompile>
    <ClCompile Include="LevelLoader.cpp">
      <Filter>Controllers</Filter>
    </ClCompile>
    <ClCompile Include="BrickManager.cpp">
      <Filter>Controllers</Filter>
    </ClCompile>
    <ClCompile Include="Ball.cpp">
      <Filter>Gameobjects</Filter>
    </ClCompile>
    <ClCompile Include="Paddle.cpp" />
  </ItemGroup>
  <ItemGroup>
    <ResourceCompile Include="resource.rc" />
  </ItemGroup>
  <ItemGroup>
    <Image Include="directx.ico">
      <Filter>Assets</Filter>
    </Image>
    <Image Include="Title.png">
      <Filter>Assets</Filter>
    </Image>
    <Image Include="Background.png">
      <Filter>Assets</Filter>
    </Image>
    <Image Include="ball.png">
      <Filter>Assets</Filter>
    </Image>
  </ItemGroup>
  <ItemGroup>
    <Manifest Include="settings.manifest">
      <Filter>Assets</Filter>
    </Manifest>
  </ItemGroup>
  <ItemGroup>
    <None Include="packages.config" />
    <None Include="myfile.spritefont" />
  </ItemGroup>
</Project>